// !$*UTF8*$!
{
	archiveVersion = 1;
	classes = {
	};
	objectVersion = 56;
	objects = {

/* Begin PBXBuildFile section */
		6B5C81F42B640FB2166FCF5C /* Pods_TodoeyFinal.framework in Frameworks */ = {isa = PBXBuildFile; fileRef = C69E22DC53F49E42421F95F6 /* Pods_TodoeyFinal.framework */; };
		6E0CC6592AB4BC8700CD55A3 /* CategoryViewController.swift in Sources */ = {isa = PBXBuildFile; fileRef = 6E0CC6582AB4BC8700CD55A3 /* CategoryViewController.swift */; };
		6E21656B2AAB3DF7008D6B2F /* AppDelegate.swift in Sources */ = {isa = PBXBuildFile; fileRef = 6E21656A2AAB3DF7008D6B2F /* AppDelegate.swift */; };
		6E21656D2AAB3DF7008D6B2F /* SceneDelegate.swift in Sources */ = {isa = PBXBuildFile; fileRef = 6E21656C2AAB3DF7008D6B2F /* SceneDelegate.swift */; };
		6E21656F2AAB3DF7008D6B2F /* TodoListViewController.swift in Sources */ = {isa = PBXBuildFile; fileRef = 6E21656E2AAB3DF7008D6B2F /* TodoListViewController.swift */; };
		6E2165722AAB3DF7008D6B2F /* Main.storyboard in Resources */ = {isa = PBXBuildFile; fileRef = 6E2165702AAB3DF7008D6B2F /* Main.storyboard */; };
		6E2165772AAB3DFA008D6B2F /* Assets.xcassets in Resources */ = {isa = PBXBuildFile; fileRef = 6E2165762AAB3DFA008D6B2F /* Assets.xcassets */; };
		6E21657A2AAB3DFA008D6B2F /* LaunchScreen.storyboard in Resources */ = {isa = PBXBuildFile; fileRef = 6E2165782AAB3DFA008D6B2F /* LaunchScreen.storyboard */; };
		6E5084F02ABADE0100CE59A4 /* TodoeyFinal.xcdatamodeld in Sources */ = {isa = PBXBuildFile; fileRef = 6E5084EE2ABADE0100CE59A4 /* TodoeyFinal.xcdatamodeld */; };
/* End PBXBuildFile section */

/* Begin PBXFileReference section */
		1EC0B0099C54589E77E3AE37 /* Pods-TodoeyFinal.release.xcconfig */ = {isa = PBXFileReference; includeInIndex = 1; lastKnownFileType = text.xcconfig; name = "Pods-TodoeyFinal.release.xcconfig"; path = "Target Support Files/Pods-TodoeyFinal/Pods-TodoeyFinal.release.xcconfig"; sourceTree = "<group>"; };
		6E0CC6582AB4BC8700CD55A3 /* CategoryViewController.swift */ = {isa = PBXFileReference; lastKnownFileType = sourcecode.swift; path = CategoryViewController.swift; sourceTree = "<group>"; };
		6E2165672AAB3DF7008D6B2F /* TodoeyFinal.app */ = {isa = PBXFileReference; explicitFileType = wrapper.application; includeInIndex = 0; path = TodoeyFinal.app; sourceTree = BUILT_PRODUCTS_DIR; };
		6E21656A2AAB3DF7008D6B2F /* AppDelegate.swift */ = {isa = PBXFileReference; lastKnownFileType = sourcecode.swift; path = AppDelegate.swift; sourceTree = "<group>"; };
		6E21656C2AAB3DF7008D6B2F /* SceneDelegate.swift */ = {isa = PBXFileReference; lastKnownFileType = sourcecode.swift; path = SceneDelegate.swift; sourceTree = "<group>"; };
		6E21656E2AAB3DF7008D6B2F /* TodoListViewController.swift */ = {isa = PBXFileReference; lastKnownFileType = sourcecode.swift; path = TodoListViewController.swift; sourceTree = "<group>"; };
		6E2165712AAB3DF7008D6B2F /* Base */ = {isa = PBXFileReference; lastKnownFileType = file.storyboard; name = Base; path = Base.lproj/Main.storyboard; sourceTree = "<group>"; };
		6E2165762AAB3DFA008D6B2F /* Assets.xcassets */ = {isa = PBXFileReference; lastKnownFileType = folder.assetcatalog; path = Assets.xcassets; sourceTree = "<group>"; };
		6E2165792AAB3DFA008D6B2F /* Base */ = {isa = PBXFileReference; lastKnownFileType = file.storyboard; name = Base; path = Base.lproj/LaunchScreen.storyboard; sourceTree = "<group>"; };
		6E21657B2AAB3DFA008D6B2F /* Info.plist */ = {isa = PBXFileReference; lastKnownFileType = text.plist.xml; path = Info.plist; sourceTree = "<group>"; };
		6E5084EF2ABADE0100CE59A4 /* TodoeyFinal.xcdatamodel */ = {isa = PBXFileReference; lastKnownFileType = wrapper.xcdatamodel; path = TodoeyFinal.xcdatamodel; sourceTree = "<group>"; };
		C3DA3D06A8B9BDA02581B6A7 /* Pods-TodoeyFinal.debug.xcconfig */ = {isa = PBXFileReference; includeInIndex = 1; lastKnownFileType = text.xcconfig; name = "Pods-TodoeyFinal.debug.xcconfig"; path = "Target Support Files/Pods-TodoeyFinal/Pods-TodoeyFinal.debug.xcconfig"; sourceTree = "<group>"; };
		C69E22DC53F49E42421F95F6 /* Pods_TodoeyFinal.framework */ = {isa = PBXFileReference; explicitFileType = wrapper.framework; includeInIndex = 0; path = Pods_TodoeyFinal.framework; sourceTree = BUILT_PRODUCTS_DIR; };
/* End PBXFileReference section */

/* Begin PBXFrameworksBuildPhase section */
		6E2165642AAB3DF7008D6B2F /* Frameworks */ = {
			isa = PBXFrameworksBuildPhase;
			buildActionMask = 2147483647;
			files = (
				6B5C81F42B640FB2166FCF5C /* Pods_TodoeyFinal.framework in Frameworks */,
			);
			runOnlyForDeploymentPostprocessing = 0;
		};
/* End PBXFrameworksBuildPhase section */

/* Begin PBXGroup section */
		2269BDA4648F2C159375033D /* Pods */ = {
			isa = PBXGroup;
			children = (
				C3DA3D06A8B9BDA02581B6A7 /* Pods-TodoeyFinal.debug.xcconfig */,
				1EC0B0099C54589E77E3AE37 /* Pods-TodoeyFinal.release.xcconfig */,
			);
			name = Pods;
			path = Pods;
			sourceTree = "<group>";
		};
		6E21655E2AAB3DF7008D6B2F = {
			isa = PBXGroup;
			children = (
				6E2165862AAB3F65008D6B2F /* AppDelegates */,
				6E2165692AAB3DF7008D6B2F /* TodoeyFinal */,
				6E2165682AAB3DF7008D6B2F /* Products */,
				2269BDA4648F2C159375033D /* Pods */,
				739BC41A20F7339ABF148F86 /* Frameworks */,
			);
			sourceTree = "<group>";
		};
		6E2165682AAB3DF7008D6B2F /* Products */ = {
			isa = PBXGroup;
			children = (
				6E2165672AAB3DF7008D6B2F /* TodoeyFinal.app */,
			);
			name = Products;
			sourceTree = "<group>";
		};
		6E2165692AAB3DF7008D6B2F /* TodoeyFinal */ = {
			isa = PBXGroup;
			children = (
				6E2165812AAB3E72008D6B2F /* Controllers */,
				6E2165822AAB3E9D008D6B2F /* Views */,
				6E2165832AAB3ED1008D6B2F /* DataModel */,
				6E2165872AAB3FC2008D6B2F /* SupportFiles */,
				6E21657B2AAB3DFA008D6B2F /* Info.plist */,
			);
			path = TodoeyFinal;
			sourceTree = "<group>";
		};
		6E2165812AAB3E72008D6B2F /* Controllers */ = {
			isa = PBXGroup;
			children = (
				6E21656E2AAB3DF7008D6B2F /* TodoListViewController.swift */,
				6E0CC6582AB4BC8700CD55A3 /* CategoryViewController.swift */,
			);
			path = Controllers;
			sourceTree = "<group>";
		};
		6E2165822AAB3E9D008D6B2F /* Views */ = {
			isa = PBXGroup;
			children = (
				6E2165702AAB3DF7008D6B2F /* Main.storyboard */,
			);
			path = Views;
			sourceTree = "<group>";
		};
		6E2165832AAB3ED1008D6B2F /* DataModel */ = {
			isa = PBXGroup;
			children = (
				6E5084EE2ABADE0100CE59A4 /* TodoeyFinal.xcdatamodeld */,
			);
			path = DataModel;
			sourceTree = "<group>";
		};
		6E2165862AAB3F65008D6B2F /* AppDelegates */ = {
			isa = PBXGroup;
			children = (
				6E21656A2AAB3DF7008D6B2F /* AppDelegate.swift */,
				6E21656C2AAB3DF7008D6B2F /* SceneDelegate.swift */,
			);
			path = AppDelegates;
			sourceTree = "<group>";
		};
		6E2165872AAB3FC2008D6B2F /* SupportFiles */ = {
			isa = PBXGroup;
			children = (
				6E2165762AAB3DFA008D6B2F /* Assets.xcassets */,
				6E2165782AAB3DFA008D6B2F /* LaunchScreen.storyboard */,
			);
			path = SupportFiles;
			sourceTree = "<group>";
		};
		739BC41A20F7339ABF148F86 /* Frameworks */ = {
			isa = PBXGroup;
			children = (
				C69E22DC53F49E42421F95F6 /* Pods_TodoeyFinal.framework */,
			);
			name = Frameworks;
			sourceTree = "<group>";
		};
/* End PBXGroup section */

/* Begin PBXNativeTarget section */
		6E2165662AAB3DF7008D6B2F /* TodoeyFinal */ = {
			isa = PBXNativeTarget;
			buildConfigurationList = 6E21657E2AAB3DFA008D6B2F /* Build configuration list for PBXNativeTarget "TodoeyFinal" */;
			buildPhases = (
				DCFB7E16692E8C916C8CA96C /* [CP] Check Pods Manifest.lock */,
				6E2165632AAB3DF7008D6B2F /* Sources */,
				6E2165642AAB3DF7008D6B2F /* Frameworks */,
				6E2165652AAB3DF7008D6B2F /* Resources */,
				17F433B24A385F6842BBE5C1 /* [CP] Embed Pods Frameworks */,
			);
			buildRules = (
			);
			dependencies = (
			);
			name = TodoeyFinal;
			productName = TodoeyFinal;
			productReference = 6E2165672AAB3DF7008D6B2F /* TodoeyFinal.app */;
			productType = "com.apple.product-type.application";
		};
/* End PBXNativeTarget section */

/* Begin PBXProject section */
		6E21655F2AAB3DF7008D6B2F /* Project object */ = {
			isa = PBXProject;
			attributes = {
				BuildIndependentTargetsInParallel = 1;
				LastSwiftUpdateCheck = 1410;
				LastUpgradeCheck = 1410;
				TargetAttributes = {
					6E2165662AAB3DF7008D6B2F = {
						CreatedOnToolsVersion = 14.1;
					};
				};
			};
			buildConfigurationList = 6E2165622AAB3DF7008D6B2F /* Build configuration list for PBXProject "TodoeyFinal" */;
			compatibilityVersion = "Xcode 14.0";
			developmentRegion = en;
			hasScannedForEncodings = 0;
			knownRegions = (
				en,
				Base,
			);
			mainGroup = 6E21655E2AAB3DF7008D6B2F;
			productRefGroup = 6E2165682AAB3DF7008D6B2F /* Products */;
			projectDirPath = "";
			projectRoot = "";
			targets = (
				6E2165662AAB3DF7008D6B2F /* TodoeyFinal */,
			);
		};
/* End PBXProject section */

/* Begin PBXResourcesBuildPhase section */
		6E2165652AAB3DF7008D6B2F /* Resources */ = {
			isa = PBXResourcesBuildPhase;
			buildActionMask = 2147483647;
			files = (
				6E21657A2AAB3DFA008D6B2F /* LaunchScreen.storyboard in Resources */,
				6E2165772AAB3DFA008D6B2F /* Assets.xcassets in Resources */,
				6E2165722AAB3DF7008D6B2F /* Main.storyboard in Resources */,
			);
			runOnlyForDeploymentPostprocessing = 0;
		};
/* End PBXResourcesBuildPhase section */

/* Begin PBXShellScriptBuildPhase section */
		17F433B24A385F6842BBE5C1 /* [CP] Embed Pods Frameworks */ = {
			isa = PBXShellScriptBuildPhase;
			buildActionMask = 2147483647;
			files = (
			);
			inputFileListPaths = (
				"${PODS_ROOT}/Target Support Files/Pods-TodoeyFinal/Pods-TodoeyFinal-frameworks-${CONFIGURATION}-input-files.xcfilelist",
			);
			name = "[CP] Embed Pods Frameworks";
			outputFileListPaths = (
				"${PODS_ROOT}/Target Support Files/Pods-TodoeyFinal/Pods-TodoeyFinal-frameworks-${CONFIGURATION}-output-files.xcfilelist",
			);
			runOnlyForDeploymentPostprocessing = 0;
			shellPath = /bin/sh;
			shellScript = "\"${PODS_ROOT}/Target Support Files/Pods-TodoeyFinal/Pods-TodoeyFinal-frameworks.sh\"\n";
			showEnvVarsInLog = 0;
		};
		DCFB7E16692E8C916C8CA96C /* [CP] Check Pods Manifest.lock */ = {
			isa = PBXShellScriptBuildPhase;
			buildActionMask = 2147483647;
			files = (
			);
			inputFileListPaths = (
			);
			inputPaths = (
				"${PODS_PODFILE_DIR_PATH}/Podfile.lock",
				"${PODS_ROOT}/Manifest.lock",
			);
			name = "[CP] Check Pods Manifest.lock";
			outputFileListPaths = (
			);
			outputPaths = (
				"$(DERIVED_FILE_DIR)/Pods-TodoeyFinal-checkManifestLockResult.txt",
			);
			runOnlyForDeploymentPostprocessing = 0;
			shellPath = /bin/sh;
			shellScript = "diff \"${PODS_PODFILE_DIR_PATH}/Podfile.lock\" \"${PODS_ROOT}/Manifest.lock\" > /dev/null\nif [ $? != 0 ] ; then\n    # print error to STDERR\n    echo \"error: The sandbox is not in sync with the Podfile.lock. Run 'pod install' or update your CocoaPods installation.\" >&2\n    exit 1\nfi\n# This output is used by Xcode 'outputs' to avoid re-running this script phase.\necho \"SUCCESS\" > \"${SCRIPT_OUTPUT_FILE_0}\"\n";
			showEnvVarsInLog = 0;
		};
/* End PBXShellScriptBuildPhase section */

/* Begin PBXSourcesBuildPhase section */
		6E2165632AAB3DF7008D6B2F /* Sources */ = {
			isa = PBXSourcesBuildPhase;
			buildActionMask = 2147483647;
			files = (
				6E0CC6592AB4BC8700CD55A3 /* CategoryViewController.swift in Sources */,
				6E5084F02ABADE0100CE59A4 /* TodoeyFinal.xcdatamodeld in Sources */,
				6E21656F2AAB3DF7008D6B2F /* TodoListViewController.swift in Sources */,
				6E21656B2AAB3DF7008D6B2F /* AppDelegate.swift in Sources */,
				6E21656D2AAB3DF7008D6B2F /* SceneDelegate.swift in Sources */,
			);
			runOnlyForDeploymentPostprocessing = 0;
		};
/* End PBXSourcesBuildPhase section */

/* Begin PBXVariantGroup section */
		6E2165702AAB3DF7008D6B2F /* Main.storyboard */ = {
			isa = PBXVariantGroup;
			children = (
				6E2165712AAB3DF7008D6B2F /* Base */,
			);
			name = Main.storyboard;
			sourceTree = "<group>";
		};
		6E2165782AAB3DFA008D6B2F /* LaunchScreen.storyboard */ = {
			isa = PBXVariantGroup;
			children = (
				6E2165792AAB3DFA008D6B2F /* Base */,
			);
			name = LaunchScreen.storyboard;
			sourceTree = "<group>";
		};
/* End PBXVariantGroup section */

/* Begin XCBuildConfiguration section */
		6E21657C2AAB3DFA008D6B2F /* Debug */ = {
			isa = XCBuildConfiguration;
			buildSettings = {
				ALWAYS_SEARCH_USER_PATHS = NO;
				CLANG_ANALYZER_NONNULL = YES;
				CLANG_ANALYZER_NUMBER_OBJECT_CONVERSION = YES_AGGRESSIVE;
				CLANG_CXX_LANGUAGE_STANDARD = "gnu++20";
				CLANG_ENABLE_MODULES = YES;
				CLANG_ENABLE_OBJC_ARC = YES;
				CLANG_ENABLE_OBJC_WEAK = YES;
				CLANG_WARN_BLOCK_CAPTURE_AUTORELEASING = YES;
				CLANG_WARN_BOOL_CONVERSION = YES;
				CLANG_WARN_COMMA = YES;
				CLANG_WARN_CONSTANT_CONVERSION = YES;
				CLANG_WARN_DEPRECATED_OBJC_IMPLEMENTATIONS = YES;
				CLANG_WARN_DIRECT_OBJC_ISA_USAGE = YES_ERROR;
				CLANG_WARN_DOCUMENTATION_COMMENTS = YES;
				CLANG_WARN_EMPTY_BODY = YES;
				CLANG_WARN_ENUM_CONVERSION = YES;
				CLANG_WARN_INFINITE_RECURSION = YES;
				CLANG_WARN_INT_CONVERSION = YES;
				CLANG_WARN_NON_LITERAL_NULL_CONVERSION = YES;
				CLANG_WARN_OBJC_IMPLICIT_RETAIN_SELF = YES;
				CLANG_WARN_OBJC_LITERAL_CONVERSION = YES;
				CLANG_WARN_OBJC_ROOT_CLASS = YES_ERROR;
				CLANG_WARN_QUOTED_INCLUDE_IN_FRAMEWORK_HEADER = YES;
				CLANG_WARN_RANGE_LOOP_ANALYSIS = YES;
				CLANG_WARN_STRICT_PROTOTYPES = YES;
				CLANG_WARN_SUSPICIOUS_MOVE = YES;
				CLANG_WARN_UNGUARDED_AVAILABILITY = YES_AGGRESSIVE;
				CLANG_WARN_UNREACHABLE_CODE = YES;
				CLANG_WARN__DUPLICATE_METHOD_MATCH = YES;
				COPY_PHASE_STRIP = NO;
				DEBUG_INFORMATION_FORMAT = dwarf;
				ENABLE_STRICT_OBJC_MSGSEND = YES;
				ENABLE_TESTABILITY = YES;
				GCC_C_LANGUAGE_STANDARD = gnu11;
				GCC_DYNAMIC_NO_PIC = NO;
				GCC_NO_COMMON_BLOCKS = YES;
				GCC_OPTIMIZATION_LEVEL = 0;
				GCC_PREPROCESSOR_DEFINITIONS = (
					"DEBUG=1",
					"$(inherited)",
				);
				GCC_WARN_64_TO_32_BIT_CONVERSION = YES;
				GCC_WARN_ABOUT_RETURN_TYPE = YES_ERROR;
				GCC_WARN_UNDECLARED_SELECTOR = YES;
				GCC_WARN_UNINITIALIZED_AUTOS = YES_AGGRESSIVE;
				GCC_WARN_UNUSED_FUNCTION = YES;
				GCC_WARN_UNUSED_VARIABLE = YES;
				IPHONEOS_DEPLOYMENT_TARGET = 16.1;
				MTL_ENABLE_DEBUG_INFO = INCLUDE_SOURCE;
				MTL_FAST_MATH = YES;
				ONLY_ACTIVE_ARCH = YES;
				SDKROOT = iphoneos;
				SWIFT_ACTIVE_COMPILATION_CONDITIONS = DEBUG;
				SWIFT_OPTIMIZATION_LEVEL = "-Onone";
			};
			name = Debug;
		};
		6E21657D2AAB3DFA008D6B2F /* Release */ = {
			isa = XCBuildConfiguration;
			buildSettings = {
				ALWAYS_SEARCH_USER_PATHS = NO;
				CLANG_ANALYZER_NONNULL = YES;
				CLANG_ANALYZER_NUMBER_OBJECT_CONVERSION = YES_AGGRESSIVE;
				CLANG_CXX_LANGUAGE_STANDARD = "gnu++20";
				CLANG_ENABLE_MODULES = YES;
				CLANG_ENABLE_OBJC_ARC = YES;
				CLANG_ENABLE_OBJC_WEAK = YES;
				CLANG_WARN_BLOCK_CAPTURE_AUTORELEASING = YES;
				CLANG_WARN_BOOL_CONVERSION = YES;
				CLANG_WARN_COMMA = YES;
				CLANG_WARN_CONSTANT_CONVERSION = YES;
				CLANG_WARN_DEPRECATED_OBJC_IMPLEMENTATIONS = YES;
				CLANG_WARN_DIRECT_OBJC_ISA_USAGE = YES_ERROR;
				CLANG_WARN_DOCUMENTATION_COMMENTS = YES;
				CLANG_WARN_EMPTY_BODY = YES;
				CLANG_WARN_ENUM_CONVERSION = YES;
				CLANG_WARN_INFINITE_RECURSION = YES;
				CLANG_WARN_INT_CONVERSION = YES;
				CLANG_WARN_NON_LITERAL_NULL_CONVERSION = YES;
				CLANG_WARN_OBJC_IMPLICIT_RETAIN_SELF = YES;
				CLANG_WARN_OBJC_LITERAL_CONVERSION = YES;
				CLANG_WARN_OBJC_ROOT_CLASS = YES_ERROR;
				CLANG_WARN_QUOTED_INCLUDE_IN_FRAMEWORK_HEADER = YES;
				CLANG_WARN_RANGE_LOOP_ANALYSIS = YES;
				CLANG_WARN_STRICT_PROTOTYPES = YES;
				CLANG_WARN_SUSPICIOUS_MOVE = YES;
				CLANG_WARN_UNGUARDED_AVAILABILITY = YES_AGGRESSIVE;
				CLANG_WARN_UNREACHABLE_CODE = YES;
				CLANG_WARN__DUPLICATE_METHOD_MATCH = YES;
				COPY_PHASE_STRIP = NO;
				DEBUG_INFORMATION_FORMAT = "dwarf-with-dsym";
				ENABLE_NS_ASSERTIONS = NO;
				ENABLE_STRICT_OBJC_MSGSEND = YES;
				GCC_C_LANGUAGE_STANDARD = gnu11;
				GCC_NO_COMMON_BLOCKS = YES;
				GCC_WARN_64_TO_32_BIT_CONVERSION = YES;
				GCC_WARN_ABOUT_RETURN_TYPE = YES_ERROR;
				GCC_WARN_UNDECLARED_SELECTOR = YES;
				GCC_WARN_UNINITIALIZED_AUTOS = YES_AGGRESSIVE;
				GCC_WARN_UNUSED_FUNCTION = YES;
				GCC_WARN_UNUSED_VARIABLE = YES;
				IPHONEOS_DEPLOYMENT_TARGET = 16.1;
				MTL_ENABLE_DEBUG_INFO = NO;
				MTL_FAST_MATH = YES;
				SDKROOT = iphoneos;
				SWIFT_COMPILATION_MODE = wholemodule;
				SWIFT_OPTIMIZATION_LEVEL = "-O";
				VALIDATE_PRODUCT = YES;
			};
			name = Release;
		};
		6E21657F2AAB3DFA008D6B2F /* Debug */ = {
			isa = XCBuildConfiguration;
			baseConfigurationReference = C3DA3D06A8B9BDA02581B6A7 /* Pods-TodoeyFinal.debug.xcconfig */;
			buildSettings = {
				ASSETCATALOG_COMPILER_APPICON_NAME = AppIcon;
				ASSETCATALOG_COMPILER_GLOBAL_ACCENT_COLOR_NAME = AccentColor;
				CODE_SIGN_STYLE = Automatic;
				CURRENT_PROJECT_VERSION = 1;
				GENERATE_INFOPLIST_FILE = YES;
				INFOPLIST_FILE = TodoeyFinal/Info.plist;
				INFOPLIST_KEY_UIApplicationSupportsIndirectInputEvents = YES;
				INFOPLIST_KEY_UILaunchStoryboardName = LaunchScreen;
				INFOPLIST_KEY_UIMainStoryboardFile = Main;
				INFOPLIST_KEY_UISupportedInterfaceOrientations_iPad = "UIInterfaceOrientationPortrait UIInterfaceOrientationPortraitUpsideDown UIInterfaceOrientationLandscapeLeft UIInterfaceOrientationLandscapeRight";
				INFOPLIST_KEY_UISupportedInterfaceOrientations_iPhone = "UIInterfaceOrientationPortrait UIInterfaceOrientationLandscapeLeft UIInterfaceOrientationLandscapeRight";
				LD_RUNPATH_SEARCH_PATHS = (
					"$(inherited)",
					"@executable_path/Frameworks",
				);
				MARKETING_VERSION = 1.0;
				PRODUCT_BUNDLE_IDENTIFIER = sinavn.TodoeyFinal;
				PRODUCT_NAME = "$(TARGET_NAME)";
				SWIFT_EMIT_LOC_STRINGS = YES;
				SWIFT_VERSION = 5.0;
				TARGETED_DEVICE_FAMILY = "1,2";
			};
			name = Debug;
		};
		6E2165802AAB3DFA008D6B2F /* Release */ = {
			isa = XCBuildConfiguration;
			baseConfigurationReference = 1EC0B0099C54589E77E3AE37 /* Pods-TodoeyFinal.release.xcconfig */;
			buildSettings = {
				ASSETCATALOG_COMPILER_APPICON_NAME = AppIcon;
				ASSETCATALOG_COMPILER_GLOBAL_ACCENT_COLOR_NAME = AccentColor;
				CODE_SIGN_STYLE = Automatic;
				CURRENT_PROJECT_VERSION = 1;
				GENERATE_INFOPLIST_FILE = YES;
				INFOPLIST_FILE = TodoeyFinal/Info.plist;
				INFOPLIST_KEY_UIApplicationSupportsIndirectInputEvents = YES;
				INFOPLIST_KEY_UILaunchStoryboardName = LaunchScreen;
				INFOPLIST_KEY_UIMainStoryboardFile = Main;
				INFOPLIST_KEY_UISupportedInterfaceOrientations_iPad = "UIInterfaceOrientationPortrait UIInterfaceOrientationPortraitUpsideDown UIInterfaceOrientationLandscapeLeft UIInterfaceOrientationLandscapeRight";
				INFOPLIST_KEY_UISupportedInterfaceOrientations_iPhone = "UIInterfaceOrientationPortrait UIInterfaceOrientationLandscapeLeft UIInterfaceOrientationLandscapeRight";
				LD_RUNPATH_SEARCH_PATHS = (
					"$(inherited)",
					"@executable_path/Frameworks",
				);
				MARKETING_VERSION = 1.0;
				PRODUCT_BUNDLE_IDENTIFIER = sinavn.TodoeyFinal;
				PRODUCT_NAME = "$(TARGET_NAME)";
				SWIFT_EMIT_LOC_STRINGS = YES;
				SWIFT_VERSION = 5.0;
				TARGETED_DEVICE_FAMILY = "1,2";
			};
			name = Release;
		};
/* End XCBuildConfiguration section */

/* Begin XCConfigurationList section */
		6E2165622AAB3DF7008D6B2F /* Build configuration list for PBXProject "TodoeyFinal" */ = {
			isa = XCConfigurationList;
			buildConfigurations = (
				6E21657C2AAB3DFA008D6B2F /* Debug */,
				6E21657D2AAB3DFA008D6B2F /* Release */,
			);
			defaultConfigurationIsVisible = 0;
			defaultConfigurationName = Release;
		};
		6E21657E2AAB3DFA008D6B2F /* Build configuration list for PBXNativeTarget "TodoeyFinal" */ = {
			isa = XCConfigurationList;
			buildConfigurations = (
				6E21657F2AAB3DFA008D6B2F /* Debug */,
				6E2165802AAB3DFA008D6B2F /* Release */,
			);
			defaultConfigurationIsVisible = 0;
			defaultConfigurationName = Release;
		};
/* End XCConfigurationList section */

/* Begin XCVersionGroup section */
		6E5084EE2ABADE0100CE59A4 /* TodoeyFinal.xcdatamodeld */ = {
			isa = XCVersionGroup;
			children = (
				6E5084EF2ABADE0100CE59A4 /* TodoeyFinal.xcdatamodel */,
			);
			currentVersion = 6E5084EF2ABADE0100CE59A4 /* TodoeyFinal.xcdatamodel */;
			name = TodoeyFinal.xcdatamodeld;
			path = ../TodoeyFinal.xcdatamodeld;
			sourceTree = "<group>";
			versionGroupType = wrapper.xcdatamodel;
		};
/* End XCVersionGroup section */
	};
	rootObject = 6E21655F2AAB3DF7008D6B2F /* Project object */;
}
